// !$*UTF8*$!
{
	archiveVersion = 1;
	classes = {
	};
	objectVersion = 51;
	objects = {

/* Begin PBXBuildFile section */
		38AAF5158C9C4E771346538A /* Pods_evil_ML.framework in Frameworks */ = {isa = PBXBuildFile; fileRef = 0CCF338ACD185F3AF117078B /* Pods_evil_ML.framework */; };
		74D794C1F94950E246B0A983 /* Pods_evil_MLTests.framework in Frameworks */ = {isa = PBXBuildFile; fileRef = 95335BE7F2F1632E6599C9C6 /* Pods_evil_MLTests.framework */; };
		7F6989CECBB506E600E811A0 /* Pods_evil_ML_evil_MLUITests.framework in Frameworks */ = {isa = PBXBuildFile; fileRef = 13C353C9BB2F29FCFAC06C6A /* Pods_evil_ML_evil_MLUITests.framework */; };
		B2305BF62482139200EF4CBA /* Questions4View.swift in Sources */ = {isa = PBXBuildFile; fileRef = B2305BF52482139200EF4CBA /* Questions4View.swift */; };
		B2305BF82482140A00EF4CBA /* Questions5View.swift in Sources */ = {isa = PBXBuildFile; fileRef = B2305BF72482140A00EF4CBA /* Questions5View.swift */; };
		B2305BFA248214B200EF4CBA /* Questions6View.swift in Sources */ = {isa = PBXBuildFile; fileRef = B2305BF9248214B200EF4CBA /* Questions6View.swift */; };
		B25B528D2453DDD0004FF221 /* SurveyModel.swift in Sources */ = {isa = PBXBuildFile; fileRef = B25B528C2453DDD0004FF221 /* SurveyModel.swift */; };
		B25B528F24552B09004FF221 /* Questions2View.swift in Sources */ = {isa = PBXBuildFile; fileRef = B25B528E24552B09004FF221 /* Questions2View.swift */; };
		B25B529124552E04004FF221 /* Questions3View.swift in Sources */ = {isa = PBXBuildFile; fileRef = B25B529024552E04004FF221 /* Questions3View.swift */; };
		B25B5293245548CF004FF221 /* QuestionsFinalView.swift in Sources */ = {isa = PBXBuildFile; fileRef = B25B5292245548CF004FF221 /* QuestionsFinalView.swift */; };
		B25B5295245550DA004FF221 /* MapView.swift in Sources */ = {isa = PBXBuildFile; fileRef = B25B5294245550DA004FF221 /* MapView.swift */; };
		B25B5297245556C7004FF221 /* LocationModel.swift in Sources */ = {isa = PBXBuildFile; fileRef = B25B5296245556C7004FF221 /* LocationModel.swift */; };
		B25B5299245E6C80004FF221 /* TabBarViewController.swift in Sources */ = {isa = PBXBuildFile; fileRef = B25B5298245E6C80004FF221 /* TabBarViewController.swift */; };
		B26D8150243D5C0E00486C51 /* AppDelegate.swift in Sources */ = {isa = PBXBuildFile; fileRef = B26D814F243D5C0E00486C51 /* AppDelegate.swift */; };
		B26D8152243D5C0E00486C51 /* SceneDelegate.swift in Sources */ = {isa = PBXBuildFile; fileRef = B26D8151243D5C0E00486C51 /* SceneDelegate.swift */; };
		B26D8154243D5C0E00486C51 /* ViewController.swift in Sources */ = {isa = PBXBuildFile; fileRef = B26D8153243D5C0E00486C51 /* ViewController.swift */; };
		B26D815A243D5C0E00486C51 /* evil_ML.xcdatamodeld in Sources */ = {isa = PBXBuildFile; fileRef = B26D8158243D5C0E00486C51 /* evil_ML.xcdatamodeld */; };
		B26D815C243D5C1000486C51 /* Assets.xcassets in Resources */ = {isa = PBXBuildFile; fileRef = B26D815B243D5C1000486C51 /* Assets.xcassets */; };
		B26D816A243D5C1000486C51 /* evil_MLTests.swift in Sources */ = {isa = PBXBuildFile; fileRef = B26D8169243D5C1000486C51 /* evil_MLTests.swift */; };
		B26D8175243D5C1000486C51 /* evil_MLUITests.swift in Sources */ = {isa = PBXBuildFile; fileRef = B26D8174243D5C1000486C51 /* evil_MLUITests.swift */; };
		B28208A924453F0C009DDCFA /* ProgressBarView.swift in Sources */ = {isa = PBXBuildFile; fileRef = B28208A824453F0C009DDCFA /* ProgressBarView.swift */; };
		B28208AB24455497009DDCFA /* QuestionsView.swift in Sources */ = {isa = PBXBuildFile; fileRef = B28208AA24455497009DDCFA /* QuestionsView.swift */; };
		B28208AD24456ECC009DDCFA /* NextButtonView.swift in Sources */ = {isa = PBXBuildFile; fileRef = B28208AC24456ECC009DDCFA /* NextButtonView.swift */; };
		B28208AF24457090009DDCFA /* BackButtonView.swift in Sources */ = {isa = PBXBuildFile; fileRef = B28208AE24457090009DDCFA /* BackButtonView.swift */; };
/* End PBXBuildFile section */

/* Begin PBXContainerItemProxy section */
		B26D8166243D5C1000486C51 /* PBXContainerItemProxy */ = {
			isa = PBXContainerItemProxy;
			containerPortal = B26D8144243D5C0E00486C51 /* Project object */;
			proxyType = 1;
			remoteGlobalIDString = B26D814B243D5C0E00486C51;
			remoteInfo = evil_ML;
		};
		B26D8171243D5C1000486C51 /* PBXContainerItemProxy */ = {
			isa = PBXContainerItemProxy;
			containerPortal = B26D8144243D5C0E00486C51 /* Project object */;
			proxyType = 1;
			remoteGlobalIDString = B26D814B243D5C0E00486C51;
			remoteInfo = evil_ML;
		};
/* End PBXContainerItemProxy section */

/* Begin PBXFileReference section */
		0CCF338ACD185F3AF117078B /* Pods_evil_ML.framework */ = {isa = PBXFileReference; explicitFileType = wrapper.framework; includeInIndex = 0; path = Pods_evil_ML.framework; sourceTree = BUILT_PRODUCTS_DIR; };
		13C353C9BB2F29FCFAC06C6A /* Pods_evil_ML_evil_MLUITests.framework */ = {isa = PBXFileReference; explicitFileType = wrapper.framework; includeInIndex = 0; path = Pods_evil_ML_evil_MLUITests.framework; sourceTree = BUILT_PRODUCTS_DIR; };
		14AD0965036DCA568923E720 /* Pods-evil_ML-evil_MLUITests.debug.xcconfig */ = {isa = PBXFileReference; includeInIndex = 1; lastKnownFileType = text.xcconfig; name = "Pods-evil_ML-evil_MLUITests.debug.xcconfig"; path = "Target Support Files/Pods-evil_ML-evil_MLUITests/Pods-evil_ML-evil_MLUITests.debug.xcconfig"; sourceTree = "<group>"; };
		41F90AD6E42F5CF80BD0E14E /* Pods-evil_MLTests.debug.xcconfig */ = {isa = PBXFileReference; includeInIndex = 1; lastKnownFileType = text.xcconfig; name = "Pods-evil_MLTests.debug.xcconfig"; path = "Target Support Files/Pods-evil_MLTests/Pods-evil_MLTests.debug.xcconfig"; sourceTree = "<group>"; };
		5896E1AB1FB4BA1A068B20A5 /* Pods-evil_ML.release.xcconfig */ = {isa = PBXFileReference; includeInIndex = 1; lastKnownFileType = text.xcconfig; name = "Pods-evil_ML.release.xcconfig"; path = "Target Support Files/Pods-evil_ML/Pods-evil_ML.release.xcconfig"; sourceTree = "<group>"; };
		8B91CC39A7534EF820A16F72 /* Pods-evil_ML-evil_MLUITests.release.xcconfig */ = {isa = PBXFileReference; includeInIndex = 1; lastKnownFileType = text.xcconfig; name = "Pods-evil_ML-evil_MLUITests.release.xcconfig"; path = "Target Support Files/Pods-evil_ML-evil_MLUITests/Pods-evil_ML-evil_MLUITests.release.xcconfig"; sourceTree = "<group>"; };
		95335BE7F2F1632E6599C9C6 /* Pods_evil_MLTests.framework */ = {isa = PBXFileReference; explicitFileType = wrapper.framework; includeInIndex = 0; path = Pods_evil_MLTests.framework; sourceTree = BUILT_PRODUCTS_DIR; };
		95BE5068F6FFCA8AE8064EC9 /* Pods-evil_MLTests.release.xcconfig */ = {isa = PBXFileReference; includeInIndex = 1; lastKnownFileType = text.xcconfig; name = "Pods-evil_MLTests.release.xcconfig"; path = "Target Support Files/Pods-evil_MLTests/Pods-evil_MLTests.release.xcconfig"; sourceTree = "<group>"; };
		B2305BF52482139200EF4CBA /* Questions4View.swift */ = {isa = PBXFileReference; lastKnownFileType = sourcecode.swift; path = Questions4View.swift; sourceTree = "<group>"; };
		B2305BF72482140A00EF4CBA /* Questions5View.swift */ = {isa = PBXFileReference; lastKnownFileType = sourcecode.swift; path = Questions5View.swift; sourceTree = "<group>"; };
		B2305BF9248214B200EF4CBA /* Questions6View.swift */ = {isa = PBXFileReference; lastKnownFileType = sourcecode.swift; path = Questions6View.swift; sourceTree = "<group>"; };
		B25B528C2453DDD0004FF221 /* SurveyModel.swift */ = {isa = PBXFileReference; lastKnownFileType = sourcecode.swift; path = SurveyModel.swift; sourceTree = "<group>"; };
		B25B528E24552B09004FF221 /* Questions2View.swift */ = {isa = PBXFileReference; lastKnownFileType = sourcecode.swift; path = Questions2View.swift; sourceTree = "<group>"; };
		B25B529024552E04004FF221 /* Questions3View.swift */ = {isa = PBXFileReference; lastKnownFileType = sourcecode.swift; path = Questions3View.swift; sourceTree = "<group>"; };
		B25B5292245548CF004FF221 /* QuestionsFinalView.swift */ = {isa = PBXFileReference; lastKnownFileType = sourcecode.swift; path = QuestionsFinalView.swift; sourceTree = "<group>"; };
		B25B5294245550DA004FF221 /* MapView.swift */ = {isa = PBXFileReference; lastKnownFileType = sourcecode.swift; path = MapView.swift; sourceTree = "<group>"; };
		B25B5296245556C7004FF221 /* LocationModel.swift */ = {isa = PBXFileReference; lastKnownFileType = sourcecode.swift; path = LocationModel.swift; sourceTree = "<group>"; };
		B25B5298245E6C80004FF221 /* TabBarViewController.swift */ = {isa = PBXFileReference; lastKnownFileType = sourcecode.swift; path = TabBarViewController.swift; sourceTree = "<group>"; };
		B26D814C243D5C0E00486C51 /* evil_ML.app */ = {isa = PBXFileReference; explicitFileType = wrapper.application; includeInIndex = 0; path = evil_ML.app; sourceTree = BUILT_PRODUCTS_DIR; };
		B26D814F243D5C0E00486C51 /* AppDelegate.swift */ = {isa = PBXFileReference; lastKnownFileType = sourcecode.swift; path = AppDelegate.swift; sourceTree = "<group>"; };
		B26D8151243D5C0E00486C51 /* SceneDelegate.swift */ = {isa = PBXFileReference; lastKnownFileType = sourcecode.swift; path = SceneDelegate.swift; sourceTree = "<group>"; };
		B26D8153243D5C0E00486C51 /* ViewController.swift */ = {isa = PBXFileReference; lastKnownFileType = sourcecode.swift; path = ViewController.swift; sourceTree = "<group>"; };
		B26D8159243D5C0E00486C51 /* evil_ML.xcdatamodel */ = {isa = PBXFileReference; lastKnownFileType = wrapper.xcdatamodel; path = evil_ML.xcdatamodel; sourceTree = "<group>"; };
		B26D815B243D5C1000486C51 /* Assets.xcassets */ = {isa = PBXFileReference; lastKnownFileType = folder.assetcatalog; path = Assets.xcassets; sourceTree = "<group>"; };
		B26D8160243D5C1000486C51 /* Info.plist */ = {isa = PBXFileReference; lastKnownFileType = text.plist.xml; path = Info.plist; sourceTree = "<group>"; };
		B26D8165243D5C1000486C51 /* evil_MLTests.xctest */ = {isa = PBXFileReference; explicitFileType = wrapper.cfbundle; includeInIndex = 0; path = evil_MLTests.xctest; sourceTree = BUILT_PRODUCTS_DIR; };
		B26D8169243D5C1000486C51 /* evil_MLTests.swift */ = {isa = PBXFileReference; lastKnownFileType = sourcecode.swift; path = evil_MLTests.swift; sourceTree = "<group>"; };
		B26D816B243D5C1000486C51 /* Info.plist */ = {isa = PBXFileReference; lastKnownFileType = text.plist.xml; path = Info.plist; sourceTree = "<group>"; };
		B26D8170243D5C1000486C51 /* evil_MLUITests.xctest */ = {isa = PBXFileReference; explicitFileType = wrapper.cfbundle; includeInIndex = 0; path = evil_MLUITests.xctest; sourceTree = BUILT_PRODUCTS_DIR; };
		B26D8174243D5C1000486C51 /* evil_MLUITests.swift */ = {isa = PBXFileReference; lastKnownFileType = sourcecode.swift; path = evil_MLUITests.swift; sourceTree = "<group>"; };
		B26D8176243D5C1000486C51 /* Info.plist */ = {isa = PBXFileReference; lastKnownFileType = text.plist.xml; path = Info.plist; sourceTree = "<group>"; };
		B28208A824453F0C009DDCFA /* ProgressBarView.swift */ = {isa = PBXFileReference; lastKnownFileType = sourcecode.swift; path = ProgressBarView.swift; sourceTree = "<group>"; };
		B28208AA24455497009DDCFA /* QuestionsView.swift */ = {isa = PBXFileReference; lastKnownFileType = sourcecode.swift; path = QuestionsView.swift; sourceTree = "<group>"; };
		B28208AC24456ECC009DDCFA /* NextButtonView.swift */ = {isa = PBXFileReference; lastKnownFileType = sourcecode.swift; path = NextButtonView.swift; sourceTree = "<group>"; };
		B28208AE24457090009DDCFA /* BackButtonView.swift */ = {isa = PBXFileReference; lastKnownFileType = sourcecode.swift; path = BackButtonView.swift; sourceTree = "<group>"; };
		D3CE84C29722909CF56335D7 /* Pods-evil_ML.debug.xcconfig */ = {isa = PBXFileReference; includeInIndex = 1; lastKnownFileType = text.xcconfig; name = "Pods-evil_ML.debug.xcconfig"; path = "Target Support Files/Pods-evil_ML/Pods-evil_ML.debug.xcconfig"; sourceTree = "<group>"; };
/* End PBXFileReference section */

/* Begin PBXFrameworksBuildPhase section */
		B26D8149243D5C0E00486C51 /* Frameworks */ = {
			isa = PBXFrameworksBuildPhase;
			buildActionMask = 2147483647;
			files = (
				38AAF5158C9C4E771346538A /* Pods_evil_ML.framework in Frameworks */,
			);
			runOnlyForDeploymentPostprocessing = 0;
		};
		B26D8162243D5C1000486C51 /* Frameworks */ = {
			isa = PBXFrameworksBuildPhase;
			buildActionMask = 2147483647;
			files = (
				74D794C1F94950E246B0A983 /* Pods_evil_MLTests.framework in Frameworks */,
			);
			runOnlyForDeploymentPostprocessing = 0;
		};
		B26D816D243D5C1000486C51 /* Frameworks */ = {
			isa = PBXFrameworksBuildPhase;
			buildActionMask = 2147483647;
			files = (
				7F6989CECBB506E600E811A0 /* Pods_evil_ML_evil_MLUITests.framework in Frameworks */,
			);
			runOnlyForDeploymentPostprocessing = 0;
		};
/* End PBXFrameworksBuildPhase section */

/* Begin PBXGroup section */
		2A0BBA7B9E6082B91FD8D0E1 /* Frameworks */ = {
			isa = PBXGroup;
			children = (
				0CCF338ACD185F3AF117078B /* Pods_evil_ML.framework */,
				13C353C9BB2F29FCFAC06C6A /* Pods_evil_ML_evil_MLUITests.framework */,
				95335BE7F2F1632E6599C9C6 /* Pods_evil_MLTests.framework */,
			);
			name = Frameworks;
			sourceTree = "<group>";
		};
		4B4556D2CBCF6442791C2172 /* Pods */ = {
			isa = PBXGroup;
			children = (
				D3CE84C29722909CF56335D7 /* Pods-evil_ML.debug.xcconfig */,
				5896E1AB1FB4BA1A068B20A5 /* Pods-evil_ML.release.xcconfig */,
				14AD0965036DCA568923E720 /* Pods-evil_ML-evil_MLUITests.debug.xcconfig */,
				8B91CC39A7534EF820A16F72 /* Pods-evil_ML-evil_MLUITests.release.xcconfig */,
				41F90AD6E42F5CF80BD0E14E /* Pods-evil_MLTests.debug.xcconfig */,
				95BE5068F6FFCA8AE8064EC9 /* Pods-evil_MLTests.release.xcconfig */,
			);
			path = Pods;
			sourceTree = "<group>";
		};
		B26D8143243D5C0E00486C51 = {
			isa = PBXGroup;
			children = (
				B26D814E243D5C0E00486C51 /* evil_ML */,
				B26D8168243D5C1000486C51 /* evil_MLTests */,
				B26D8173243D5C1000486C51 /* evil_MLUITests */,
				B26D814D243D5C0E00486C51 /* Products */,
				4B4556D2CBCF6442791C2172 /* Pods */,
				2A0BBA7B9E6082B91FD8D0E1 /* Frameworks */,
			);
			sourceTree = "<group>";
		};
		B26D814D243D5C0E00486C51 /* Products */ = {
			isa = PBXGroup;
			children = (
				B26D814C243D5C0E00486C51 /* evil_ML.app */,
				B26D8165243D5C1000486C51 /* evil_MLTests.xctest */,
				B26D8170243D5C1000486C51 /* evil_MLUITests.xctest */,
			);
			name = Products;
			sourceTree = "<group>";
		};
		B26D814E243D5C0E00486C51 /* evil_ML */ = {
			isa = PBXGroup;
			children = (
				B26D814F243D5C0E00486C51 /* AppDelegate.swift */,
				B26D8151243D5C0E00486C51 /* SceneDelegate.swift */,
				B26D8153243D5C0E00486C51 /* ViewController.swift */,
				B28208A824453F0C009DDCFA /* ProgressBarView.swift */,
				B28208AC24456ECC009DDCFA /* NextButtonView.swift */,
				B28208AE24457090009DDCFA /* BackButtonView.swift */,
				B28208AA24455497009DDCFA /* QuestionsView.swift */,
				B25B528C2453DDD0004FF221 /* SurveyModel.swift */,
				B25B528E24552B09004FF221 /* Questions2View.swift */,
				B25B529024552E04004FF221 /* Questions3View.swift */,
				B25B5292245548CF004FF221 /* QuestionsFinalView.swift */,
				B25B5294245550DA004FF221 /* MapView.swift */,
				B25B5296245556C7004FF221 /* LocationModel.swift */,
				B25B5298245E6C80004FF221 /* TabBarViewController.swift */,
				B26D8158243D5C0E00486C51 /* evil_ML.xcdatamodeld */,
				B26D8160243D5C1000486C51 /* Info.plist */,
				B26D815B243D5C1000486C51 /* Assets.xcassets */,
				B2305BF52482139200EF4CBA /* Questions4View.swift */,
				B2305BF72482140A00EF4CBA /* Questions5View.swift */,
				B2305BF9248214B200EF4CBA /* Questions6View.swift */,
			);
			path = evil_ML;
			sourceTree = "<group>";
		};
		B26D8168243D5C1000486C51 /* evil_MLTests */ = {
			isa = PBXGroup;
			children = (
				B26D8169243D5C1000486C51 /* evil_MLTests.swift */,
				B26D816B243D5C1000486C51 /* Info.plist */,
			);
			path = evil_MLTests;
			sourceTree = "<group>";
		};
		B26D8173243D5C1000486C51 /* evil_MLUITests */ = {
			isa = PBXGroup;
			children = (
				B26D8174243D5C1000486C51 /* evil_MLUITests.swift */,
				B26D8176243D5C1000486C51 /* Info.plist */,
			);
			path = evil_MLUITests;
			sourceTree = "<group>";
		};
/* End PBXGroup section */

/* Begin PBXNativeTarget section */
		B26D814B243D5C0E00486C51 /* evil_ML */ = {
			isa = PBXNativeTarget;
			buildConfigurationList = B26D8179243D5C1000486C51 /* Build configuration list for PBXNativeTarget "evil_ML" */;
			buildPhases = (
				23E5AC25FA3B160BE33A55FB /* [CP] Check Pods Manifest.lock */,
				B26D8148243D5C0E00486C51 /* Sources */,
				B26D8149243D5C0E00486C51 /* Frameworks */,
				B26D814A243D5C0E00486C51 /* Resources */,
				D7252651C19679B06CCFA0FB /* [CP] Embed Pods Frameworks */,
			);
			buildRules = (
			);
			dependencies = (
			);
			name = evil_ML;
			productName = evil_ML;
			productReference = B26D814C243D5C0E00486C51 /* evil_ML.app */;
			productType = "com.apple.product-type.application";
		};
		B26D8164243D5C1000486C51 /* evil_MLTests */ = {
			isa = PBXNativeTarget;
			buildConfigurationList = B26D817C243D5C1000486C51 /* Build configuration list for PBXNativeTarget "evil_MLTests" */;
			buildPhases = (
				E342DA0E868CA8DA69101308 /* [CP] Check Pods Manifest.lock */,
				B26D8161243D5C1000486C51 /* Sources */,
				B26D8162243D5C1000486C51 /* Frameworks */,
				B26D8163243D5C1000486C51 /* Resources */,
			);
			buildRules = (
			);
			dependencies = (
				B26D8167243D5C1000486C51 /* PBXTargetDependency */,
			);
			name = evil_MLTests;
			productName = evil_MLTests;
			productReference = B26D8165243D5C1000486C51 /* evil_MLTests.xctest */;
			productType = "com.apple.product-type.bundle.unit-test";
		};
		B26D816F243D5C1000486C51 /* evil_MLUITests */ = {
			isa = PBXNativeTarget;
			buildConfigurationList = B26D817F243D5C1000486C51 /* Build configuration list for PBXNativeTarget "evil_MLUITests" */;
			buildPhases = (
				8141EE9E7158D4A31D1A4775 /* [CP] Check Pods Manifest.lock */,
				B26D816C243D5C1000486C51 /* Sources */,
				B26D816D243D5C1000486C51 /* Frameworks */,
				B26D816E243D5C1000486C51 /* Resources */,
				445C228AD2027F39BC02B0FB /* [CP] Embed Pods Frameworks */,
			);
			buildRules = (
			);
			dependencies = (
				B26D8172243D5C1000486C51 /* PBXTargetDependency */,
			);
			name = evil_MLUITests;
			productName = evil_MLUITests;
			productReference = B26D8170243D5C1000486C51 /* evil_MLUITests.xctest */;
			productType = "com.apple.product-type.bundle.ui-testing";
		};
/* End PBXNativeTarget section */

/* Begin PBXProject section */
		B26D8144243D5C0E00486C51 /* Project object */ = {
			isa = PBXProject;
			attributes = {
				LastSwiftUpdateCheck = 1140;
				LastUpgradeCheck = 1140;
				ORGANIZATIONNAME = "Meera Rachamallu";
				TargetAttributes = {
					B26D814B243D5C0E00486C51 = {
						CreatedOnToolsVersion = 11.4;
					};
					B26D8164243D5C1000486C51 = {
						CreatedOnToolsVersion = 11.4;
						TestTargetID = B26D814B243D5C0E00486C51;
					};
					B26D816F243D5C1000486C51 = {
						CreatedOnToolsVersion = 11.4;
						TestTargetID = B26D814B243D5C0E00486C51;
					};
				};
			};
			buildConfigurationList = B26D8147243D5C0E00486C51 /* Build configuration list for PBXProject "evil_ML" */;
			compatibilityVersion = "Xcode 9.3";
			developmentRegion = en;
			hasScannedForEncodings = 0;
			knownRegions = (
				en,
				Base,
			);
			mainGroup = B26D8143243D5C0E00486C51;
			productRefGroup = B26D814D243D5C0E00486C51 /* Products */;
			projectDirPath = "";
			projectRoot = "";
			targets = (
				B26D814B243D5C0E00486C51 /* evil_ML */,
				B26D8164243D5C1000486C51 /* evil_MLTests */,
				B26D816F243D5C1000486C51 /* evil_MLUITests */,
			);
		};
/* End PBXProject section */

/* Begin PBXResourcesBuildPhase section */
		B26D814A243D5C0E00486C51 /* Resources */ = {
			isa = PBXResourcesBuildPhase;
			buildActionMask = 2147483647;
			files = (
				B26D815C243D5C1000486C51 /* Assets.xcassets in Resources */,
			);
			runOnlyForDeploymentPostprocessing = 0;
		};
		B26D8163243D5C1000486C51 /* Resources */ = {
			isa = PBXResourcesBuildPhase;
			buildActionMask = 2147483647;
			files = (
			);
			runOnlyForDeploymentPostprocessing = 0;
		};
		B26D816E243D5C1000486C51 /* Resources */ = {
			isa = PBXResourcesBuildPhase;
			buildActionMask = 2147483647;
			files = (
			);
			runOnlyForDeploymentPostprocessing = 0;
		};
/* End PBXResourcesBuildPhase section */

/* Begin PBXShellScriptBuildPhase section */
		23E5AC25FA3B160BE33A55FB /* [CP] Check Pods Manifest.lock */ = {
			isa = PBXShellScriptBuildPhase;
			buildActionMask = 2147483647;
			files = (
			);
			inputFileListPaths = (
			);
			inputPaths = (
				"${PODS_PODFILE_DIR_PATH}/Podfile.lock",
				"${PODS_ROOT}/Manifest.lock",
			);
			name = "[CP] Check Pods Manifest.lock";
			outputFileListPaths = (
			);
			outputPaths = (
				"$(DERIVED_FILE_DIR)/Pods-evil_ML-checkManifestLockResult.txt",
			);
			runOnlyForDeploymentPostprocessing = 0;
			shellPath = /bin/sh;
			shellScript = "diff \"${PODS_PODFILE_DIR_PATH}/Podfile.lock\" \"${PODS_ROOT}/Manifest.lock\" > /dev/null\nif [ $? != 0 ] ; then\n    # print error to STDERR\n    echo \"error: The sandbox is not in sync with the Podfile.lock. Run 'pod install' or update your CocoaPods installation.\" >&2\n    exit 1\nfi\n# This output is used by Xcode 'outputs' to avoid re-running this script phase.\necho \"SUCCESS\" > \"${SCRIPT_OUTPUT_FILE_0}\"\n";
			showEnvVarsInLog = 0;
		};
		445C228AD2027F39BC02B0FB /* [CP] Embed Pods Frameworks */ = {
			isa = PBXShellScriptBuildPhase;
			buildActionMask = 2147483647;
			files = (
			);
			inputFileListPaths = (
				"${PODS_ROOT}/Target Support Files/Pods-evil_ML-evil_MLUITests/Pods-evil_ML-evil_MLUITests-frameworks-${CONFIGURATION}-input-files.xcfilelist",
			);
			name = "[CP] Embed Pods Frameworks";
			outputFileListPaths = (
				"${PODS_ROOT}/Target Support Files/Pods-evil_ML-evil_MLUITests/Pods-evil_ML-evil_MLUITests-frameworks-${CONFIGURATION}-output-files.xcfilelist",
			);
			runOnlyForDeploymentPostprocessing = 0;
			shellPath = /bin/sh;
			shellScript = "\"${PODS_ROOT}/Target Support Files/Pods-evil_ML-evil_MLUITests/Pods-evil_ML-evil_MLUITests-frameworks.sh\"\n";
			showEnvVarsInLog = 0;
		};
		8141EE9E7158D4A31D1A4775 /* [CP] Check Pods Manifest.lock */ = {
			isa = PBXShellScriptBuildPhase;
			buildActionMask = 2147483647;
			files = (
			);
			inputFileListPaths = (
			);
			inputPaths = (
				"${PODS_PODFILE_DIR_PATH}/Podfile.lock",
				"${PODS_ROOT}/Manifest.lock",
			);
			name = "[CP] Check Pods Manifest.lock";
			outputFileListPaths = (
			);
			outputPaths = (
				"$(DERIVED_FILE_DIR)/Pods-evil_ML-evil_MLUITests-checkManifestLockResult.txt",
			);
			runOnlyForDeploymentPostprocessing = 0;
			shellPath = /bin/sh;
			shellScript = "diff \"${PODS_PODFILE_DIR_PATH}/Podfile.lock\" \"${PODS_ROOT}/Manifest.lock\" > /dev/null\nif [ $? != 0 ] ; then\n    # print error to STDERR\n    echo \"error: The sandbox is not in sync with the Podfile.lock. Run 'pod install' or update your CocoaPods installation.\" >&2\n    exit 1\nfi\n# This output is used by Xcode 'outputs' to avoid re-running this script phase.\necho \"SUCCESS\" > \"${SCRIPT_OUTPUT_FILE_0}\"\n";
			showEnvVarsInLog = 0;
		};
		D7252651C19679B06CCFA0FB /* [CP] Embed Pods Frameworks */ = {
			isa = PBXShellScriptBuildPhase;
			buildActionMask = 2147483647;
			files = (
			);
			inputFileListPaths = (
				"${PODS_ROOT}/Target Support Files/Pods-evil_ML/Pods-evil_ML-frameworks-${CONFIGURATION}-input-files.xcfilelist",
			);
			name = "[CP] Embed Pods Frameworks";
			outputFileListPaths = (
				"${PODS_ROOT}/Target Support Files/Pods-evil_ML/Pods-evil_ML-frameworks-${CONFIGURATION}-output-files.xcfilelist",
			);
			runOnlyForDeploymentPostprocessing = 0;
			shellPath = /bin/sh;
			shellScript = "\"${PODS_ROOT}/Target Support Files/Pods-evil_ML/Pods-evil_ML-frameworks.sh\"\n";
			showEnvVarsInLog = 0;
		};
		E342DA0E868CA8DA69101308 /* [CP] Check Pods Manifest.lock */ = {
			isa = PBXShellScriptBuildPhase;
			buildActionMask = 2147483647;
			files = (
			);
			inputFileListPaths = (
			);
			inputPaths = (
				"${PODS_PODFILE_DIR_PATH}/Podfile.lock",
				"${PODS_ROOT}/Manifest.lock",
			);
			name = "[CP] Check Pods Manifest.lock";
			outputFileListPaths = (
			);
			outputPaths = (
				"$(DERIVED_FILE_DIR)/Pods-evil_MLTests-checkManifestLockResult.txt",
			);
			runOnlyForDeploymentPostprocessing = 0;
			shellPath = /bin/sh;
			shellScript = "diff \"${PODS_PODFILE_DIR_PATH}/Podfile.lock\" \"${PODS_ROOT}/Manifest.lock\" > /dev/null\nif [ $? != 0 ] ; then\n    # print error to STDERR\n    echo \"error: The sandbox is not in sync with the Podfile.lock. Run 'pod install' or update your CocoaPods installation.\" >&2\n    exit 1\nfi\n# This output is used by Xcode 'outputs' to avoid re-running this script phase.\necho \"SUCCESS\" > \"${SCRIPT_OUTPUT_FILE_0}\"\n";
			showEnvVarsInLog = 0;
		};
/* End PBXShellScriptBuildPhase section */

/* Begin PBXSourcesBuildPhase section */
		B26D8148243D5C0E00486C51 /* Sources */ = {
			isa = PBXSourcesBuildPhase;
			buildActionMask = 2147483647;
			files = (
				B28208A924453F0C009DDCFA /* ProgressBarView.swift in Sources */,
				B28208AB24455497009DDCFA /* QuestionsView.swift in Sources */,
				B26D815A243D5C0E00486C51 /* evil_ML.xcdatamodeld in Sources */,
				B25B5293245548CF004FF221 /* QuestionsFinalView.swift in Sources */,
				B2305BF82482140A00EF4CBA /* Questions5View.swift in Sources */,
				B25B5295245550DA004FF221 /* MapView.swift in Sources */,
				B28208AD24456ECC009DDCFA /* NextButtonView.swift in Sources */,
				B25B528D2453DDD0004FF221 /* SurveyModel.swift in Sources */,
				B25B528F24552B09004FF221 /* Questions2View.swift in Sources */,
				B26D8154243D5C0E00486C51 /* ViewController.swift in Sources */,
				B2305BF62482139200EF4CBA /* Questions4View.swift in Sources */,
				B2305BFA248214B200EF4CBA /* Questions6View.swift in Sources */,
				B26D8150243D5C0E00486C51 /* AppDelegate.swift in Sources */,
				B25B529124552E04004FF221 /* Questions3View.swift in Sources */,
				B26D8152243D5C0E00486C51 /* SceneDelegate.swift in Sources */,
				B25B5297245556C7004FF221 /* LocationModel.swift in Sources */,
				B25B5299245E6C80004FF221 /* TabBarViewController.swift in Sources */,
				B28208AF24457090009DDCFA /* BackButtonView.swift in Sources */,
			);
			runOnlyForDeploymentPostprocessing = 0;
		};
		B26D8161243D5C1000486C51 /* Sources */ = {
			isa = PBXSourcesBuildPhase;
			buildActionMask = 2147483647;
			files = (
				B26D816A243D5C1000486C51 /* evil_MLTests.swift in Sources */,
			);
			runOnlyForDeploymentPostprocessing = 0;
		};
		B26D816C243D5C1000486C51 /* Sources */ = {
			isa = PBXSourcesBuildPhase;
			buildActionMask = 2147483647;
			files = (
				B26D8175243D5C1000486C51 /* evil_MLUITests.swift in Sources */,
			);
			runOnlyForDeploymentPostprocessing = 0;
		};
/* End PBXSourcesBuildPhase section */

/* Begin PBXTargetDependency section */
		B26D8167243D5C1000486C51 /* PBXTargetDependency */ = {
			isa = PBXTargetDependency;
			target = B26D814B243D5C0E00486C51 /* evil_ML */;
			targetProxy = B26D8166243D5C1000486C51 /* PBXContainerItemProxy */;
		};
		B26D8172243D5C1000486C51 /* PBXTargetDependency */ = {
			isa = PBXTargetDependency;
			target = B26D814B243D5C0E00486C51 /* evil_ML */;
			targetProxy = B26D8171243D5C1000486C51 /* PBXContainerItemProxy */;
		};
/* End PBXTargetDependency section */

/* Begin XCBuildConfiguration section */
		B26D8177243D5C1000486C51 /* Debug */ = {
			isa = XCBuildConfiguration;
			buildSettings = {
				ALWAYS_SEARCH_USER_PATHS = NO;
				CLANG_ANALYZER_NONNULL = YES;
				CLANG_ANALYZER_NUMBER_OBJECT_CONVERSION = YES_AGGRESSIVE;
				CLANG_CXX_LANGUAGE_STANDARD = "gnu++14";
				CLANG_CXX_LIBRARY = "libc++";
				CLANG_ENABLE_MODULES = YES;
				CLANG_ENABLE_OBJC_ARC = YES;
				CLANG_ENABLE_OBJC_WEAK = YES;
				CLANG_WARN_BLOCK_CAPTURE_AUTORELEASING = YES;
				CLANG_WARN_BOOL_CONVERSION = YES;
				CLANG_WARN_COMMA = YES;
				CLANG_WARN_CONSTANT_CONVERSION = YES;
				CLANG_WARN_DEPRECATED_OBJC_IMPLEMENTATIONS = YES;
				CLANG_WARN_DIRECT_OBJC_ISA_USAGE = YES_ERROR;
				CLANG_WARN_DOCUMENTATION_COMMENTS = YES;
				CLANG_WARN_EMPTY_BODY = YES;
				CLANG_WARN_ENUM_CONVERSION = YES;
				CLANG_WARN_INFINITE_RECURSION = YES;
				CLANG_WARN_INT_CONVERSION = YES;
				CLANG_WARN_NON_LITERAL_NULL_CONVERSION = YES;
				CLANG_WARN_OBJC_IMPLICIT_RETAIN_SELF = YES;
				CLANG_WARN_OBJC_LITERAL_CONVERSION = YES;
				CLANG_WARN_OBJC_ROOT_CLASS = YES_ERROR;
				CLANG_WARN_RANGE_LOOP_ANALYSIS = YES;
				CLANG_WARN_STRICT_PROTOTYPES = YES;
				CLANG_WARN_SUSPICIOUS_MOVE = YES;
				CLANG_WARN_UNGUARDED_AVAILABILITY = YES_AGGRESSIVE;
				CLANG_WARN_UNREACHABLE_CODE = YES;
				CLANG_WARN__DUPLICATE_METHOD_MATCH = YES;
				COPY_PHASE_STRIP = NO;
				DEBUG_INFORMATION_FORMAT = dwarf;
				ENABLE_STRICT_OBJC_MSGSEND = YES;
				ENABLE_TESTABILITY = YES;
				GCC_C_LANGUAGE_STANDARD = gnu11;
				GCC_DYNAMIC_NO_PIC = NO;
				GCC_NO_COMMON_BLOCKS = YES;
				GCC_OPTIMIZATION_LEVEL = 0;
				GCC_PREPROCESSOR_DEFINITIONS = (
					"DEBUG=1",
					"$(inherited)",
				);
				GCC_WARN_64_TO_32_BIT_CONVERSION = YES;
				GCC_WARN_ABOUT_RETURN_TYPE = YES_ERROR;
				GCC_WARN_UNDECLARED_SELECTOR = YES;
				GCC_WARN_UNINITIALIZED_AUTOS = YES_AGGRESSIVE;
				GCC_WARN_UNUSED_FUNCTION = YES;
				GCC_WARN_UNUSED_VARIABLE = YES;
				IPHONEOS_DEPLOYMENT_TARGET = 13.4;
				MTL_ENABLE_DEBUG_INFO = INCLUDE_SOURCE;
				MTL_FAST_MATH = YES;
				ONLY_ACTIVE_ARCH = YES;
				SDKROOT = iphoneos;
				SWIFT_ACTIVE_COMPILATION_CONDITIONS = DEBUG;
				SWIFT_OPTIMIZATION_LEVEL = "-Onone";
			};
			name = Debug;
		};
		B26D8178243D5C1000486C51 /* Release */ = {
			isa = XCBuildConfiguration;
			buildSettings = {
				ALWAYS_SEARCH_USER_PATHS = NO;
				CLANG_ANALYZER_NONNULL = YES;
				CLANG_ANALYZER_NUMBER_OBJECT_CONVERSION = YES_AGGRESSIVE;
				CLANG_CXX_LANGUAGE_STANDARD = "gnu++14";
				CLANG_CXX_LIBRARY = "libc++";
				CLANG_ENABLE_MODULES = YES;
				CLANG_ENABLE_OBJC_ARC = YES;
				CLANG_ENABLE_OBJC_WEAK = YES;
				CLANG_WARN_BLOCK_CAPTURE_AUTORELEASING = YES;
				CLANG_WARN_BOOL_CONVERSION = YES;
				CLANG_WARN_COMMA = YES;
				CLANG_WARN_CONSTANT_CONVERSION = YES;
				CLANG_WARN_DEPRECATED_OBJC_IMPLEMENTATIONS = YES;
				CLANG_WARN_DIRECT_OBJC_ISA_USAGE = YES_ERROR;
				CLANG_WARN_DOCUMENTATION_COMMENTS = YES;
				CLANG_WARN_EMPTY_BODY = YES;
				CLANG_WARN_ENUM_CONVERSION = YES;
				CLANG_WARN_INFINITE_RECURSION = YES;
				CLANG_WARN_INT_CONVERSION = YES;
				CLANG_WARN_NON_LITERAL_NULL_CONVERSION = YES;
				CLANG_WARN_OBJC_IMPLICIT_RETAIN_SELF = YES;
				CLANG_WARN_OBJC_LITERAL_CONVERSION = YES;
				CLANG_WARN_OBJC_ROOT_CLASS = YES_ERROR;
				CLANG_WARN_RANGE_LOOP_ANALYSIS = YES;
				CLANG_WARN_STRICT_PROTOTYPES = YES;
				CLANG_WARN_SUSPICIOUS_MOVE = YES;
				CLANG_WARN_UNGUARDED_AVAILABILITY = YES_AGGRESSIVE;
				CLANG_WARN_UNREACHABLE_CODE = YES;
				CLANG_WARN__DUPLICATE_METHOD_MATCH = YES;
				COPY_PHASE_STRIP = NO;
				DEBUG_INFORMATION_FORMAT = "dwarf-with-dsym";
				ENABLE_NS_ASSERTIONS = NO;
				ENABLE_STRICT_OBJC_MSGSEND = YES;
				GCC_C_LANGUAGE_STANDARD = gnu11;
				GCC_NO_COMMON_BLOCKS = YES;
				GCC_WARN_64_TO_32_BIT_CONVERSION = YES;
				GCC_WARN_ABOUT_RETURN_TYPE = YES_ERROR;
				GCC_WARN_UNDECLARED_SELECTOR = YES;
				GCC_WARN_UNINITIALIZED_AUTOS = YES_AGGRESSIVE;
				GCC_WARN_UNUSED_FUNCTION = YES;
				GCC_WARN_UNUSED_VARIABLE = YES;
				IPHONEOS_DEPLOYMENT_TARGET = 13.4;
				MTL_ENABLE_DEBUG_INFO = NO;
				MTL_FAST_MATH = YES;
				SDKROOT = iphoneos;
				SWIFT_COMPILATION_MODE = wholemodule;
				SWIFT_OPTIMIZATION_LEVEL = "-O";
				VALIDATE_PRODUCT = YES;
			};
			name = Release;
		};
		B26D817A243D5C1000486C51 /* Debug */ = {
			isa = XCBuildConfiguration;
			baseConfigurationReference = D3CE84C29722909CF56335D7 /* Pods-evil_ML.debug.xcconfig */;
			buildSettings = {
				ASSETCATALOG_COMPILER_APPICON_NAME = AppIcon;
				CODE_SIGN_STYLE = Automatic;
				DEVELOPMENT_TEAM = GCC5F24AV4;
				INFOPLIST_FILE = evil_ML/Info.plist;
				LD_RUNPATH_SEARCH_PATHS = (
					"$(inherited)",
					"@executable_path/Frameworks",
				);
				PRODUCT_BUNDLE_IDENTIFIER = "meera.evil-ML";
				PRODUCT_NAME = "$(TARGET_NAME)";
				SWIFT_VERSION = 5.0;
				TARGETED_DEVICE_FAMILY = "1,2";
			};
			name = Debug;
		};
		B26D817B243D5C1000486C51 /* Release */ = {
			isa = XCBuildConfiguration;
			baseConfigurationReference = 5896E1AB1FB4BA1A068B20A5 /* Pods-evil_ML.release.xcconfig */;
			buildSettings = {
				ASSETCATALOG_COMPILER_APPICON_NAME = AppIcon;
				CODE_SIGN_STYLE = Automatic;
				DEVELOPMENT_TEAM = GCC5F24AV4;
				INFOPLIST_FILE = evil_ML/Info.plist;
				LD_RUNPATH_SEARCH_PATHS = (
					"$(inherited)",
					"@executable_path/Frameworks",
				);
				PRODUCT_BUNDLE_IDENTIFIER = "meera.evil-ML";
				PRODUCT_NAME = "$(TARGET_NAME)";
				SWIFT_VERSION = 5.0;
				TARGETED_DEVICE_FAMILY = "1,2";
			};
			name = Release;
		};
		B26D817D243D5C1000486C51 /* Debug */ = {
			isa = XCBuildConfiguration;
			baseConfigurationReference = 41F90AD6E42F5CF80BD0E14E /* Pods-evil_MLTests.debug.xcconfig */;
			buildSettings = {
				ALWAYS_EMBED_SWIFT_STANDARD_LIBRARIES = YES;
				BUNDLE_LOADER = "$(TEST_HOST)";
				CODE_SIGN_STYLE = Automatic;
				DEVELOPMENT_TEAM = GCC5F24AV4;
				INFOPLIST_FILE = evil_MLTests/Info.plist;
				IPHONEOS_DEPLOYMENT_TARGET = 13.4;
				LD_RUNPATH_SEARCH_PATHS = (
					"$(inherited)",
					"@executable_path/Frameworks",
					"@loader_path/Frameworks",
				);
				PRODUCT_BUNDLE_IDENTIFIER = "meera.evil-MLTests";
				PRODUCT_NAME = "$(TARGET_NAME)";
				SWIFT_VERSION = 5.0;
				TARGETED_DEVICE_FAMILY = "1,2";
				TEST_HOST = "$(BUILT_PRODUCTS_DIR)/evil_ML.app/evil_ML";
			};
			name = Debug;
		};
		B26D817E243D5C1000486C51 /* Release */ = {
			isa = XCBuildConfiguration;
			baseConfigurationReference = 95BE5068F6FFCA8AE8064EC9 /* Pods-evil_MLTests.release.xcconfig */;
			buildSettings = {
				ALWAYS_EMBED_SWIFT_STANDARD_LIBRARIES = YES;
				BUNDLE_LOADER = "$(TEST_HOST)";
				CODE_SIGN_STYLE = Automatic;
				DEVELOPMENT_TEAM = GCC5F24AV4;
				INFOPLIST_FILE = evil_MLTests/Info.plist;
				IPHONEOS_DEPLOYMENT_TARGET = 13.4;
				LD_RUNPATH_SEARCH_PATHS = (
					"$(inherited)",
					"@executable_path/Frameworks",
					"@loader_path/Frameworks",
				);
				PRODUCT_BUNDLE_IDENTIFIER = "meera.evil-MLTests";
				PRODUCT_NAME = "$(TARGET_NAME)";
				SWIFT_VERSION = 5.0;
				TARGETED_DEVICE_FAMILY = "1,2";
				TEST_HOST = "$(BUILT_PRODUCTS_DIR)/evil_ML.app/evil_ML";
			};
			name = Release;
		};
		B26D8180243D5C1000486C51 /* Debug */ = {
			isa = XCBuildConfiguration;
			baseConfigurationReference = 14AD0965036DCA568923E720 /* Pods-evil_ML-evil_MLUITests.debug.xcconfig */;
			buildSettings = {
				ALWAYS_EMBED_SWIFT_STANDARD_LIBRARIES = YES;
				CODE_SIGN_STYLE = Automatic;
				DEVELOPMENT_TEAM = GCC5F24AV4;
				INFOPLIST_FILE = evil_MLUITests/Info.plist;
				LD_RUNPATH_SEARCH_PATHS = (
					"$(inherited)",
					"@executable_path/Frameworks",
					"@loader_path/Frameworks",
				);
				PRODUCT_BUNDLE_IDENTIFIER = "meera.evil-MLUITests";
				PRODUCT_NAME = "$(TARGET_NAME)";
				SWIFT_VERSION = 5.0;
				TARGETED_DEVICE_FAMILY = "1,2";
				TEST_TARGET_NAME = evil_ML;
			};
			name = Debug;
		};
		B26D8181243D5C1000486C51 /* Release */ = {
			isa = XCBuildConfiguration;
			baseConfigurationReference = 8B91CC39A7534EF820A16F72 /* Pods-evil_ML-evil_MLUITests.release.xcconfig */;
			buildSettings = {
				ALWAYS_EMBED_SWIFT_STANDARD_LIBRARIES = YES;
				CODE_SIGN_STYLE = Automatic;
				DEVELOPMENT_TEAM = GCC5F24AV4;
				INFOPLIST_FILE = evil_MLUITests/Info.plist;
				LD_RUNPATH_SEARCH_PATHS = (
					"$(inherited)",
					"@executable_path/Frameworks",
					"@loader_path/Frameworks",
				);
				PRODUCT_BUNDLE_IDENTIFIER = "meera.evil-MLUITests";
				PRODUCT_NAME = "$(TARGET_NAME)";
				SWIFT_VERSION = 5.0;
				TARGETED_DEVICE_FAMILY = "1,2";
				TEST_TARGET_NAME = evil_ML;
			};
			name = Release;
		};
/* End XCBuildConfiguration section */

/* Begin XCConfigurationList section */
		B26D8147243D5C0E00486C51 /* Build configuration list for PBXProject "evil_ML" */ = {
			isa = XCConfigurationList;
			buildConfigurations = (
				B26D8177243D5C1000486C51 /* Debug */,
				B26D8178243D5C1000486C51 /* Release */,
			);
			defaultConfigurationIsVisible = 0;
			defaultConfigurationName = Release;
		};
		B26D8179243D5C1000486C51 /* Build configuration list for PBXNativeTarget "evil_ML" */ = {
			isa = XCConfigurationList;
			buildConfigurations = (
				B26D817A243D5C1000486C51 /* Debug */,
				B26D817B243D5C1000486C51 /* Release */,
			);
			defaultConfigurationIsVisible = 0;
			defaultConfigurationName = Release;
		};
		B26D817C243D5C1000486C51 /* Build configuration list for PBXNativeTarget "evil_MLTests" */ = {
			isa = XCConfigurationList;
			buildConfigurations = (
				B26D817D243D5C1000486C51 /* Debug */,
				B26D817E243D5C1000486C51 /* Release */,
			);
			defaultConfigurationIsVisible = 0;
			defaultConfigurationName = Release;
		};
		B26D817F243D5C1000486C51 /* Build configuration list for PBXNativeTarget "evil_MLUITests" */ = {
			isa = XCConfigurationList;
			buildConfigurations = (
				B26D8180243D5C1000486C51 /* Debug */,
				B26D8181243D5C1000486C51 /* Release */,
			);
			defaultConfigurationIsVisible = 0;
			defaultConfigurationName = Release;
		};
/* End XCConfigurationList section */

/* Begin XCVersionGroup section */
		B26D8158243D5C0E00486C51 /* evil_ML.xcdatamodeld */ = {
			isa = XCVersionGroup;
			children = (
				B26D8159243D5C0E00486C51 /* evil_ML.xcdatamodel */,
			);
			currentVersion = B26D8159243D5C0E00486C51 /* evil_ML.xcdatamodel */;
			path = evil_ML.xcdatamodeld;
			sourceTree = "<group>";
			versionGroupType = wrapper.xcdatamodel;
		};
/* End XCVersionGroup section */
	};
	rootObject = B26D8144243D5C0E00486C51 /* Project object */;
}
